
Microsoft Visual Studio Solution File, Format Version 12.00
# Visual Studio Version 16
VisualStudioVersion = 16.0.31402.337
MinimumVisualStudioVersion = 10.0.40219.1
Project("{FAE04EC0-301F-11D3-BF4B-00C04F79EFBC}") = "VeterDates", "VeterDates.csproj", "{5B32191D-AD0F-411E-BCDA-D515260E6DD0}"
EndProject
Global
	GlobalSection(SolutionConfigurationPlatforms) = preSolution
		Debug|Any CPU = Debug|Any CPU
		Release|Any CPU = Release|Any CPU
	EndGlobalSection
	GlobalSection(ProjectConfigurationPlatforms) = postSolution
		{5B32191D-AD0F-411E-BCDA-D515260E6DD0}.Debug|Any CPU.ActiveCfg = Debug|Any CPU
		{5B32191D-AD0F-411E-BCDA-D515260E6DD0}.Debug|Any CPU.Build.0 = Debug|Any CPU
		{5B32191D-AD0F-411E-BCDA-D515260E6DD0}.Release|Any CPU.ActiveCfg = Release|Any CPU
		{5B32191D-AD0F-411E-BCDA-D515260E6DD0}.Release|Any CPU.Build.0 = Release|Any CPU
	EndGlobalSection
	GlobalSection(SolutionProperties) = preSolution
		HideSolutionNode = FALSE
	EndGlobalSection
	GlobalSection(ExtensibilityGlobals) = postSolution
		SolutionGuid = {636C6892-9874-4220-B68A-96CB58072887}
	EndGlobalSection
EndGlobal
